// !$*UTF8*$!
{
	archiveVersion = 1;
	classes = {
	};
	objectVersion = 52;
	objects = {

/* Begin PBXBuildFile section */
		560A79E326284A4900236F0C /* AnimalGridItemView.swift in Sources */ = {isa = PBXBuildFile; fileRef = 560A79E226284A4900236F0C /* AnimalGridItemView.swift */; };
		560A79EA2628675400236F0C /* Stickers.xcassets in Resources */ = {isa = PBXBuildFile; fileRef = 560A79E92628675400236F0C /* Stickers.xcassets */; };
		560A79EE2628675400236F0C /* Stickers.appex in Embed App Extensions */ = {isa = PBXBuildFile; fileRef = 560A79E72628675400236F0C /* Stickers.appex */; platformFilter = ios; settings = {ATTRIBUTES = (RemoveHeadersOnCopy, ); }; };
		560A79F826286D6B00236F0C /* CreditsView.swift in Sources */ = {isa = PBXBuildFile; fileRef = 560A79F726286D6B00236F0C /* CreditsView.swift */; };
		560A79FD26286F9300236F0C /* CenterModifier.swift in Sources */ = {isa = PBXBuildFile; fileRef = 560A79FC26286F9300236F0C /* CenterModifier.swift */; };
		5620FA0B2621D1FC0016AC8A /* AfricaApp.swift in Sources */ = {isa = PBXBuildFile; fileRef = 5620FA0A2621D1FC0016AC8A /* AfricaApp.swift */; };
		5620FA0D2621D1FC0016AC8A /* ContentView.swift in Sources */ = {isa = PBXBuildFile; fileRef = 5620FA0C2621D1FC0016AC8A /* ContentView.swift */; };
		5620FA0F2621D1FD0016AC8A /* Assets.xcassets in Resources */ = {isa = PBXBuildFile; fileRef = 5620FA0E2621D1FD0016AC8A /* Assets.xcassets */; };
		5620FA122621D1FD0016AC8A /* Preview Assets.xcassets in Resources */ = {isa = PBXBuildFile; fileRef = 5620FA112621D1FD0016AC8A /* Preview Assets.xcassets */; };
		5620FA252621D47C0016AC8A /* gorilla.mp4 in Resources */ = {isa = PBXBuildFile; fileRef = 5620FA1B2621D47C0016AC8A /* gorilla.mp4 */; };
		5620FA262621D47C0016AC8A /* zebra.mp4 in Resources */ = {isa = PBXBuildFile; fileRef = 5620FA1C2621D47C0016AC8A /* zebra.mp4 */; };
		5620FA272621D47C0016AC8A /* lion.mp4 in Resources */ = {isa = PBXBuildFile; fileRef = 5620FA1D2621D47C0016AC8A /* lion.mp4 */; };
		5620FA282621D47C0016AC8A /* hippo.mp4 in Resources */ = {isa = PBXBuildFile; fileRef = 5620FA1E2621D47C0016AC8A /* hippo.mp4 */; };
		5620FA292621D47C0016AC8A /* rhino.mp4 in Resources */ = {isa = PBXBuildFile; fileRef = 5620FA1F2621D47C0016AC8A /* rhino.mp4 */; };
		5620FA2A2621D47C0016AC8A /* elephant.mp4 in Resources */ = {isa = PBXBuildFile; fileRef = 5620FA202621D47C0016AC8A /* elephant.mp4 */; };
		5620FA2B2621D47C0016AC8A /* giraffe.mp4 in Resources */ = {isa = PBXBuildFile; fileRef = 5620FA212621D47C0016AC8A /* giraffe.mp4 */; };
		5620FA2C2621D47C0016AC8A /* cheetah.mp4 in Resources */ = {isa = PBXBuildFile; fileRef = 5620FA222621D47C0016AC8A /* cheetah.mp4 */; };
		5620FA2D2621D47C0016AC8A /* ostrich.mp4 in Resources */ = {isa = PBXBuildFile; fileRef = 5620FA232621D47C0016AC8A /* ostrich.mp4 */; };
		5620FA2E2621D47C0016AC8A /* lioness.mp4 in Resources */ = {isa = PBXBuildFile; fileRef = 5620FA242621D47C0016AC8A /* lioness.mp4 */; };
		5620FA352621D4C40016AC8A /* covers.json in Resources */ = {isa = PBXBuildFile; fileRef = 5620FA312621D4C40016AC8A /* covers.json */; };
		5620FA362621D4C40016AC8A /* animals.json in Resources */ = {isa = PBXBuildFile; fileRef = 5620FA322621D4C40016AC8A /* animals.json */; };
		5620FA372621D4C40016AC8A /* locations.json in Resources */ = {isa = PBXBuildFile; fileRef = 5620FA332621D4C40016AC8A /* locations.json */; };
		5620FA382621D4C40016AC8A /* videos.json in Resources */ = {isa = PBXBuildFile; fileRef = 5620FA342621D4C40016AC8A /* videos.json */; };
		5620FA3E2621D7270016AC8A /* VideoListView.swift in Sources */ = {isa = PBXBuildFile; fileRef = 5620FA3D2621D7270016AC8A /* VideoListView.swift */; };
		5620FA412621D73E0016AC8A /* MapView.swift in Sources */ = {isa = PBXBuildFile; fileRef = 5620FA402621D73E0016AC8A /* MapView.swift */; };
		5620FA442621D74D0016AC8A /* GalleryView.swift in Sources */ = {isa = PBXBuildFile; fileRef = 5620FA432621D74D0016AC8A /* GalleryView.swift */; };
		5620FA472621D75D0016AC8A /* MainView.swift in Sources */ = {isa = PBXBuildFile; fileRef = 5620FA462621D75D0016AC8A /* MainView.swift */; };
		5620FA4B2621DAAF0016AC8A /* CoverImageView.swift in Sources */ = {isa = PBXBuildFile; fileRef = 5620FA4A2621DAAF0016AC8A /* CoverImageView.swift */; };
		5620FA502621DCDC0016AC8A /* CoverImageModel.swift in Sources */ = {isa = PBXBuildFile; fileRef = 5620FA4F2621DCDC0016AC8A /* CoverImageModel.swift */; };
		5620FA542621DE7B0016AC8A /* CodableBundleExtension.swift in Sources */ = {isa = PBXBuildFile; fileRef = 5620FA532621DE7B0016AC8A /* CodableBundleExtension.swift */; };
		5620FA582621E5800016AC8A /* AnimalListItemView.swift in Sources */ = {isa = PBXBuildFile; fileRef = 5620FA572621E5800016AC8A /* AnimalListItemView.swift */; };
		5620FA5C2621E7620016AC8A /* AnimalModel.swift in Sources */ = {isa = PBXBuildFile; fileRef = 5620FA5B2621E7620016AC8A /* AnimalModel.swift */; };
		5620FA5F2622CB2F0016AC8A /* AnimalDetailView.swift in Sources */ = {isa = PBXBuildFile; fileRef = 5620FA5E2622CB2F0016AC8A /* AnimalDetailView.swift */; };
		56379ED226274F26005822A8 /* LocationModel.swift in Sources */ = {isa = PBXBuildFile; fileRef = 56379ED126274F26005822A8 /* LocationModel.swift */; };
		56379ED52627549E005822A8 /* MapAnnotationView.swift in Sources */ = {isa = PBXBuildFile; fileRef = 56379ED42627549E005822A8 /* MapAnnotationView.swift */; };
		565DADCB2623624A004A3730 /* VideoModel.swift in Sources */ = {isa = PBXBuildFile; fileRef = 565DADCA2623624A004A3730 /* VideoModel.swift */; };
		565DADCE262362BD004A3730 /* VideoListItemView.swift in Sources */ = {isa = PBXBuildFile; fileRef = 565DADCD262362BD004A3730 /* VideoListItemView.swift */; };
		565DADD226236A84004A3730 /* VideoPlayerView.swift in Sources */ = {isa = PBXBuildFile; fileRef = 565DADD126236A84004A3730 /* VideoPlayerView.swift */; };
		565DADD626236B8E004A3730 /* VideoPlayerHelper.swift in Sources */ = {isa = PBXBuildFile; fileRef = 565DADD526236B8E004A3730 /* VideoPlayerHelper.swift */; };
		56911BBE2622CF5400690ACC /* HeadingView.swift in Sources */ = {isa = PBXBuildFile; fileRef = 56911BBD2622CF5400690ACC /* HeadingView.swift */; };
		56911BC12622D0FA00690ACC /* InsetGallaryView.swift in Sources */ = {isa = PBXBuildFile; fileRef = 56911BC02622D0FA00690ACC /* InsetGallaryView.swift */; };
		56911BC42622D80000690ACC /* InsetFactView.swift in Sources */ = {isa = PBXBuildFile; fileRef = 56911BC32622D80000690ACC /* InsetFactView.swift */; };
		56911BC72622DA8900690ACC /* InsetMapView.swift in Sources */ = {isa = PBXBuildFile; fileRef = 56911BC62622DA8900690ACC /* InsetMapView.swift */; };
		56911BCA2622DDB500690ACC /* ExternalWeblinkView.swift in Sources */ = {isa = PBXBuildFile; fileRef = 56911BC92622DDB500690ACC /* ExternalWeblinkView.swift */; };
		56ADCA22262764480038147F /* MotionAnimationView.swift in Sources */ = {isa = PBXBuildFile; fileRef = 56ADCA21262764480038147F /* MotionAnimationView.swift */; };
/* End PBXBuildFile section */

/* Begin PBXContainerItemProxy section */
		560A79EC2628675400236F0C /* PBXContainerItemProxy */ = {
			isa = PBXContainerItemProxy;
			containerPortal = 5620F9FF2621D1FC0016AC8A /* Project object */;
			proxyType = 1;
			remoteGlobalIDString = 560A79E62628675400236F0C;
			remoteInfo = Stickers;
		};
/* End PBXContainerItemProxy section */

/* Begin PBXCopyFilesBuildPhase section */
		560A79F22628675400236F0C /* Embed App Extensions */ = {
			isa = PBXCopyFilesBuildPhase;
			buildActionMask = 2147483647;
			dstPath = "";
			dstSubfolderSpec = 13;
			files = (
				560A79EE2628675400236F0C /* Stickers.appex in Embed App Extensions */,
			);
			name = "Embed App Extensions";
			runOnlyForDeploymentPostprocessing = 0;
		};
/* End PBXCopyFilesBuildPhase section */

/* Begin PBXFileReference section */
		560A79E226284A4900236F0C /* AnimalGridItemView.swift */ = {isa = PBXFileReference; lastKnownFileType = sourcecode.swift; path = AnimalGridItemView.swift; sourceTree = "<group>"; };
		560A79E72628675400236F0C /* Stickers.appex */ = {isa = PBXFileReference; explicitFileType = "wrapper.app-extension"; includeInIndex = 0; path = Stickers.appex; sourceTree = BUILT_PRODUCTS_DIR; };
		560A79E92628675400236F0C /* Stickers.xcassets */ = {isa = PBXFileReference; lastKnownFileType = folder.assetcatalog; path = Stickers.xcassets; sourceTree = "<group>"; };
		560A79EB2628675400236F0C /* Info.plist */ = {isa = PBXFileReference; lastKnownFileType = text.plist.xml; path = Info.plist; sourceTree = "<group>"; };
		560A79F726286D6B00236F0C /* CreditsView.swift */ = {isa = PBXFileReference; lastKnownFileType = sourcecode.swift; path = CreditsView.swift; sourceTree = "<group>"; };
		560A79FC26286F9300236F0C /* CenterModifier.swift */ = {isa = PBXFileReference; lastKnownFileType = sourcecode.swift; path = CenterModifier.swift; sourceTree = "<group>"; };
		560A7A022628712800236F0C /* Africa.entitlements */ = {isa = PBXFileReference; lastKnownFileType = text.plist.entitlements; path = Africa.entitlements; sourceTree = "<group>"; };
		5620FA072621D1FC0016AC8A /* Africa.app */ = {isa = PBXFileReference; explicitFileType = wrapper.application; includeInIndex = 0; path = Africa.app; sourceTree = BUILT_PRODUCTS_DIR; };
		5620FA0A2621D1FC0016AC8A /* AfricaApp.swift */ = {isa = PBXFileReference; lastKnownFileType = sourcecode.swift; path = AfricaApp.swift; sourceTree = "<group>"; };
		5620FA0C2621D1FC0016AC8A /* ContentView.swift */ = {isa = PBXFileReference; lastKnownFileType = sourcecode.swift; path = ContentView.swift; sourceTree = "<group>"; };
		5620FA0E2621D1FD0016AC8A /* Assets.xcassets */ = {isa = PBXFileReference; lastKnownFileType = folder.assetcatalog; path = Assets.xcassets; sourceTree = "<group>"; };
		5620FA112621D1FD0016AC8A /* Preview Assets.xcassets */ = {isa = PBXFileReference; lastKnownFileType = folder.assetcatalog; path = "Preview Assets.xcassets"; sourceTree = "<group>"; };
		5620FA132621D1FD0016AC8A /* Info.plist */ = {isa = PBXFileReference; lastKnownFileType = text.plist.xml; path = Info.plist; sourceTree = "<group>"; };
		5620FA1B2621D47C0016AC8A /* gorilla.mp4 */ = {isa = PBXFileReference; lastKnownFileType = file; path = gorilla.mp4; sourceTree = "<group>"; };
		5620FA1C2621D47C0016AC8A /* zebra.mp4 */ = {isa = PBXFileReference; lastKnownFileType = file; path = zebra.mp4; sourceTree = "<group>"; };
		5620FA1D2621D47C0016AC8A /* lion.mp4 */ = {isa = PBXFileReference; lastKnownFileType = file; path = lion.mp4; sourceTree = "<group>"; };
		5620FA1E2621D47C0016AC8A /* hippo.mp4 */ = {isa = PBXFileReference; lastKnownFileType = file; path = hippo.mp4; sourceTree = "<group>"; };
		5620FA1F2621D47C0016AC8A /* rhino.mp4 */ = {isa = PBXFileReference; lastKnownFileType = file; path = rhino.mp4; sourceTree = "<group>"; };
		5620FA202621D47C0016AC8A /* elephant.mp4 */ = {isa = PBXFileReference; lastKnownFileType = file; path = elephant.mp4; sourceTree = "<group>"; };
		5620FA212621D47C0016AC8A /* giraffe.mp4 */ = {isa = PBXFileReference; lastKnownFileType = file; path = giraffe.mp4; sourceTree = "<group>"; };
		5620FA222621D47C0016AC8A /* cheetah.mp4 */ = {isa = PBXFileReference; lastKnownFileType = file; path = cheetah.mp4; sourceTree = "<group>"; };
		5620FA232621D47C0016AC8A /* ostrich.mp4 */ = {isa = PBXFileReference; lastKnownFileType = file; path = ostrich.mp4; sourceTree = "<group>"; };
		5620FA242621D47C0016AC8A /* lioness.mp4 */ = {isa = PBXFileReference; lastKnownFileType = file; path = lioness.mp4; sourceTree = "<group>"; };
		5620FA312621D4C40016AC8A /* covers.json */ = {isa = PBXFileReference; fileEncoding = 4; lastKnownFileType = text.json; path = covers.json; sourceTree = "<group>"; };
		5620FA322621D4C40016AC8A /* animals.json */ = {isa = PBXFileReference; fileEncoding = 4; lastKnownFileType = text.json; path = animals.json; sourceTree = "<group>"; };
		5620FA332621D4C40016AC8A /* locations.json */ = {isa = PBXFileReference; fileEncoding = 4; lastKnownFileType = text.json; path = locations.json; sourceTree = "<group>"; };
		5620FA342621D4C40016AC8A /* videos.json */ = {isa = PBXFileReference; fileEncoding = 4; lastKnownFileType = text.json; path = videos.json; sourceTree = "<group>"; };
		5620FA3D2621D7270016AC8A /* VideoListView.swift */ = {isa = PBXFileReference; lastKnownFileType = sourcecode.swift; path = VideoListView.swift; sourceTree = "<group>"; };
		5620FA402621D73E0016AC8A /* MapView.swift */ = {isa = PBXFileReference; lastKnownFileType = sourcecode.swift; path = MapView.swift; sourceTree = "<group>"; };
		5620FA432621D74D0016AC8A /* GalleryView.swift */ = {isa = PBXFileReference; lastKnownFileType = sourcecode.swift; path = GalleryView.swift; sourceTree = "<group>"; };
		5620FA462621D75D0016AC8A /* MainView.swift */ = {isa = PBXFileReference; lastKnownFileType = sourcecode.swift; path = MainView.swift; sourceTree = "<group>"; };
		5620FA4A2621DAAF0016AC8A /* CoverImageView.swift */ = {isa = PBXFileReference; lastKnownFileType = sourcecode.swift; path = CoverImageView.swift; sourceTree = "<group>"; };
		5620FA4F2621DCDC0016AC8A /* CoverImageModel.swift */ = {isa = PBXFileReference; lastKnownFileType = sourcecode.swift; path = CoverImageModel.swift; sourceTree = "<group>"; };
		5620FA532621DE7B0016AC8A /* CodableBundleExtension.swift */ = {isa = PBXFileReference; lastKnownFileType = sourcecode.swift; path = CodableBundleExtension.swift; sourceTree = "<group>"; };
		5620FA572621E5800016AC8A /* AnimalListItemView.swift */ = {isa = PBXFileReference; lastKnownFileType = sourcecode.swift; path = AnimalListItemView.swift; sourceTree = "<group>"; };
		5620FA5B2621E7620016AC8A /* AnimalModel.swift */ = {isa = PBXFileReference; lastKnownFileType = sourcecode.swift; path = AnimalModel.swift; sourceTree = "<group>"; };
		5620FA5E2622CB2F0016AC8A /* AnimalDetailView.swift */ = {isa = PBXFileReference; lastKnownFileType = sourcecode.swift; path = AnimalDetailView.swift; sourceTree = "<group>"; };
		56379ED126274F26005822A8 /* LocationModel.swift */ = {isa = PBXFileReference; lastKnownFileType = sourcecode.swift; path = LocationModel.swift; sourceTree = "<group>"; };
		56379ED42627549E005822A8 /* MapAnnotationView.swift */ = {isa = PBXFileReference; lastKnownFileType = sourcecode.swift; path = MapAnnotationView.swift; sourceTree = "<group>"; };
		565DADCA2623624A004A3730 /* VideoModel.swift */ = {isa = PBXFileReference; lastKnownFileType = sourcecode.swift; path = VideoModel.swift; sourceTree = "<group>"; };
		565DADCD262362BD004A3730 /* VideoListItemView.swift */ = {isa = PBXFileReference; lastKnownFileType = sourcecode.swift; path = VideoListItemView.swift; sourceTree = "<group>"; };
		565DADD126236A84004A3730 /* VideoPlayerView.swift */ = {isa = PBXFileReference; lastKnownFileType = sourcecode.swift; path = VideoPlayerView.swift; sourceTree = "<group>"; };
		565DADD526236B8E004A3730 /* VideoPlayerHelper.swift */ = {isa = PBXFileReference; lastKnownFileType = sourcecode.swift; path = VideoPlayerHelper.swift; sourceTree = "<group>"; };
		56911BBD2622CF5400690ACC /* HeadingView.swift */ = {isa = PBXFileReference; lastKnownFileType = sourcecode.swift; path = HeadingView.swift; sourceTree = "<group>"; };
		56911BC02622D0FA00690ACC /* InsetGallaryView.swift */ = {isa = PBXFileReference; lastKnownFileType = sourcecode.swift; path = InsetGallaryView.swift; sourceTree = "<group>"; };
		56911BC32622D80000690ACC /* InsetFactView.swift */ = {isa = PBXFileReference; lastKnownFileType = sourcecode.swift; path = InsetFactView.swift; sourceTree = "<group>"; };
		56911BC62622DA8900690ACC /* InsetMapView.swift */ = {isa = PBXFileReference; lastKnownFileType = sourcecode.swift; path = InsetMapView.swift; sourceTree = "<group>"; };
		56911BC92622DDB500690ACC /* ExternalWeblinkView.swift */ = {isa = PBXFileReference; lastKnownFileType = sourcecode.swift; path = ExternalWeblinkView.swift; sourceTree = "<group>"; };
		56ADCA21262764480038147F /* MotionAnimationView.swift */ = {isa = PBXFileReference; lastKnownFileType = sourcecode.swift; path = MotionAnimationView.swift; sourceTree = "<group>"; };
/* End PBXFileReference section */

/* Begin PBXFrameworksBuildPhase section */
		5620FA042621D1FC0016AC8A /* Frameworks */ = {
			isa = PBXFrameworksBuildPhase;
			buildActionMask = 2147483647;
			files = (
			);
			runOnlyForDeploymentPostprocessing = 0;
		};
/* End PBXFrameworksBuildPhase section */

/* Begin PBXGroup section */
		560A79E82628675400236F0C /* Stickers */ = {
			isa = PBXGroup;
			children = (
				560A79E92628675400236F0C /* Stickers.xcassets */,
				560A79EB2628675400236F0C /* Info.plist */,
			);
			path = Stickers;
			sourceTree = "<group>";
		};
		560A79FB26286F7F00236F0C /* Modifier */ = {
			isa = PBXGroup;
			children = (
				560A79FC26286F9300236F0C /* CenterModifier.swift */,
			);
			path = Modifier;
			sourceTree = "<group>";
		};
		5620F9FE2621D1FC0016AC8A = {
			isa = PBXGroup;
			children = (
				5620FA092621D1FC0016AC8A /* Africa */,
				560A79E82628675400236F0C /* Stickers */,
				5620FA082621D1FC0016AC8A /* Products */,
			);
			sourceTree = "<group>";
		};
		5620FA082621D1FC0016AC8A /* Products */ = {
			isa = PBXGroup;
			children = (
				5620FA072621D1FC0016AC8A /* Africa.app */,
				560A79E72628675400236F0C /* Stickers.appex */,
			);
			name = Products;
			sourceTree = "<group>";
		};
		5620FA092621D1FC0016AC8A /* Africa */ = {
			isa = PBXGroup;
			children = (
				560A7A022628712800236F0C /* Africa.entitlements */,
				560A79FB26286F7F00236F0C /* Modifier */,
				565DADD426236B74004A3730 /* Helper */,
				5620FA3B2621D64E0016AC8A /* App */,
				5620FA492621DA9B0016AC8A /* View */,
				5620FA522621DE590016AC8A /* Extension */,
				5620FA4E2621DCCB0016AC8A /* Model */,
				5620FA302621D4AB0016AC8A /* Data */,
				5620FA1A2621D4550016AC8A /* Video */,
				5620FA0E2621D1FD0016AC8A /* Assets.xcassets */,
				5620FA132621D1FD0016AC8A /* Info.plist */,
				5620FA102621D1FD0016AC8A /* Preview Content */,
			);
			path = Africa;
			sourceTree = "<group>";
		};
		5620FA102621D1FD0016AC8A /* Preview Content */ = {
			isa = PBXGroup;
			children = (
				5620FA112621D1FD0016AC8A /* Preview Assets.xcassets */,
			);
			path = "Preview Content";
			sourceTree = "<group>";
		};
		5620FA1A2621D4550016AC8A /* Video */ = {
			isa = PBXGroup;
			children = (
				5620FA222621D47C0016AC8A /* cheetah.mp4 */,
				5620FA202621D47C0016AC8A /* elephant.mp4 */,
				5620FA212621D47C0016AC8A /* giraffe.mp4 */,
				5620FA1B2621D47C0016AC8A /* gorilla.mp4 */,
				5620FA1E2621D47C0016AC8A /* hippo.mp4 */,
				5620FA1D2621D47C0016AC8A /* lion.mp4 */,
				5620FA242621D47C0016AC8A /* lioness.mp4 */,
				5620FA232621D47C0016AC8A /* ostrich.mp4 */,
				5620FA1F2621D47C0016AC8A /* rhino.mp4 */,
				5620FA1C2621D47C0016AC8A /* zebra.mp4 */,
			);
			path = Video;
			sourceTree = "<group>";
		};
		5620FA302621D4AB0016AC8A /* Data */ = {
			isa = PBXGroup;
			children = (
				5620FA322621D4C40016AC8A /* animals.json */,
				5620FA312621D4C40016AC8A /* covers.json */,
				5620FA332621D4C40016AC8A /* locations.json */,
				5620FA342621D4C40016AC8A /* videos.json */,
			);
			path = Data;
			sourceTree = "<group>";
		};
		5620FA3B2621D64E0016AC8A /* App */ = {
			isa = PBXGroup;
			children = (
				5620FA0A2621D1FC0016AC8A /* AfricaApp.swift */,
				5620FA0C2621D1FC0016AC8A /* ContentView.swift */,
				5620FA3D2621D7270016AC8A /* VideoListView.swift */,
				5620FA402621D73E0016AC8A /* MapView.swift */,
				5620FA432621D74D0016AC8A /* GalleryView.swift */,
				5620FA462621D75D0016AC8A /* MainView.swift */,
			);
			path = App;
			sourceTree = "<group>";
		};
		5620FA492621DA9B0016AC8A /* View */ = {
			isa = PBXGroup;
			children = (
				5620FA4A2621DAAF0016AC8A /* CoverImageView.swift */,
				5620FA572621E5800016AC8A /* AnimalListItemView.swift */,
				5620FA5E2622CB2F0016AC8A /* AnimalDetailView.swift */,
				56911BBD2622CF5400690ACC /* HeadingView.swift */,
				56911BC02622D0FA00690ACC /* InsetGallaryView.swift */,
				56911BC32622D80000690ACC /* InsetFactView.swift */,
				56911BC62622DA8900690ACC /* InsetMapView.swift */,
				56911BC92622DDB500690ACC /* ExternalWeblinkView.swift */,
				565DADCD262362BD004A3730 /* VideoListItemView.swift */,
				565DADD126236A84004A3730 /* VideoPlayerView.swift */,
				56379ED42627549E005822A8 /* MapAnnotationView.swift */,
				56ADCA21262764480038147F /* MotionAnimationView.swift */,
				560A79E226284A4900236F0C /* AnimalGridItemView.swift */,
				560A79F726286D6B00236F0C /* CreditsView.swift */,
			);
			path = View;
			sourceTree = "<group>";
		};
		5620FA4E2621DCCB0016AC8A /* Model */ = {
			isa = PBXGroup;
			children = (
				5620FA4F2621DCDC0016AC8A /* CoverImageModel.swift */,
				5620FA5B2621E7620016AC8A /* AnimalModel.swift */,
				565DADCA2623624A004A3730 /* VideoModel.swift */,
				56379ED126274F26005822A8 /* LocationModel.swift */,
			);
			path = Model;
			sourceTree = "<group>";
		};
		5620FA522621DE590016AC8A /* Extension */ = {
			isa = PBXGroup;
			children = (
				5620FA532621DE7B0016AC8A /* CodableBundleExtension.swift */,
			);
			path = Extension;
			sourceTree = "<group>";
		};
		565DADD426236B74004A3730 /* Helper */ = {
			isa = PBXGroup;
			children = (
				565DADD526236B8E004A3730 /* VideoPlayerHelper.swift */,
			);
			path = Helper;
			sourceTree = "<group>";
		};
/* End PBXGroup section */

/* Begin PBXNativeTarget section */
		560A79E62628675400236F0C /* Stickers */ = {
			isa = PBXNativeTarget;
			buildConfigurationList = 560A79EF2628675400236F0C /* Build configuration list for PBXNativeTarget "Stickers" */;
			buildPhases = (
				560A79E52628675400236F0C /* Resources */,
			);
			buildRules = (
			);
			dependencies = (
			);
			name = Stickers;
			productName = Stickers;
			productReference = 560A79E72628675400236F0C /* Stickers.appex */;
			productType = "com.apple.product-type.app-extension.messages-sticker-pack";
		};
		5620FA062621D1FC0016AC8A /* Africa */ = {
			isa = PBXNativeTarget;
			buildConfigurationList = 5620FA162621D1FD0016AC8A /* Build configuration list for PBXNativeTarget "Africa" */;
			buildPhases = (
				5620FA032621D1FC0016AC8A /* Sources */,
				5620FA042621D1FC0016AC8A /* Frameworks */,
				5620FA052621D1FC0016AC8A /* Resources */,
				560A79F22628675400236F0C /* Embed App Extensions */,
			);
			buildRules = (
			);
			dependencies = (
				560A79ED2628675400236F0C /* PBXTargetDependency */,
			);
			name = Africa;
			productName = Africa;
			productReference = 5620FA072621D1FC0016AC8A /* Africa.app */;
			productType = "com.apple.product-type.application";
		};
/* End PBXNativeTarget section */

/* Begin PBXProject section */
		5620F9FF2621D1FC0016AC8A /* Project object */ = {
			isa = PBXProject;
			attributes = {
				LastSwiftUpdateCheck = 1240;
				LastUpgradeCheck = 1240;
				TargetAttributes = {
					560A79E62628675400236F0C = {
						CreatedOnToolsVersion = 12.4;
					};
					5620FA062621D1FC0016AC8A = {
						CreatedOnToolsVersion = 12.4;
					};
				};
			};
			buildConfigurationList = 5620FA022621D1FC0016AC8A /* Build configuration list for PBXProject "Africa" */;
			compatibilityVersion = "Xcode 9.3";
			developmentRegion = en;
			hasScannedForEncodings = 0;
			knownRegions = (
				en,
				Base,
			);
			mainGroup = 5620F9FE2621D1FC0016AC8A;
			productRefGroup = 5620FA082621D1FC0016AC8A /* Products */;
			projectDirPath = "";
			projectRoot = "";
			targets = (
				5620FA062621D1FC0016AC8A /* Africa */,
				560A79E62628675400236F0C /* Stickers */,
			);
		};
/* End PBXProject section */

/* Begin PBXResourcesBuildPhase section */
		560A79E52628675400236F0C /* Resources */ = {
			isa = PBXResourcesBuildPhase;
			buildActionMask = 2147483647;
			files = (
				560A79EA2628675400236F0C /* Stickers.xcassets in Resources */,
			);
			runOnlyForDeploymentPostprocessing = 0;
		};
		5620FA052621D1FC0016AC8A /* Resources */ = {
			isa = PBXResourcesBuildPhase;
			buildActionMask = 2147483647;
			files = (
				5620FA352621D4C40016AC8A /* covers.json in Resources */,
				5620FA262621D47C0016AC8A /* zebra.mp4 in Resources */,
				5620FA122621D1FD0016AC8A /* Preview Assets.xcassets in Resources */,
				5620FA252621D47C0016AC8A /* gorilla.mp4 in Resources */,
				5620FA272621D47C0016AC8A /* lion.mp4 in Resources */,
				5620FA2A2621D47C0016AC8A /* elephant.mp4 in Resources */,
				5620FA292621D47C0016AC8A /* rhino.mp4 in Resources */,
				5620FA372621D4C40016AC8A /* locations.json in Resources */,
				5620FA362621D4C40016AC8A /* animals.json in Resources */,
				5620FA2C2621D47C0016AC8A /* cheetah.mp4 in Resources */,
				5620FA282621D47C0016AC8A /* hippo.mp4 in Resources */,
				5620FA0F2621D1FD0016AC8A /* Assets.xcassets in Resources */,
				5620FA2B2621D47C0016AC8A /* giraffe.mp4 in Resources */,
				5620FA382621D4C40016AC8A /* videos.json in Resources */,
				5620FA2D2621D47C0016AC8A /* ostrich.mp4 in Resources */,
				5620FA2E2621D47C0016AC8A /* lioness.mp4 in Resources */,
			);
			runOnlyForDeploymentPostprocessing = 0;
		};
/* End PBXResourcesBuildPhase section */

/* Begin PBXSourcesBuildPhase section */
		5620FA032621D1FC0016AC8A /* Sources */ = {
			isa = PBXSourcesBuildPhase;
			buildActionMask = 2147483647;
			files = (
				56911BCA2622DDB500690ACC /* ExternalWeblinkView.swift in Sources */,
				5620FA0D2621D1FC0016AC8A /* ContentView.swift in Sources */,
				56911BC12622D0FA00690ACC /* InsetGallaryView.swift in Sources */,
				5620FA582621E5800016AC8A /* AnimalListItemView.swift in Sources */,
				56911BC42622D80000690ACC /* InsetFactView.swift in Sources */,
				5620FA472621D75D0016AC8A /* MainView.swift in Sources */,
				5620FA4B2621DAAF0016AC8A /* CoverImageView.swift in Sources */,
				5620FA502621DCDC0016AC8A /* CoverImageModel.swift in Sources */,
				5620FA5F2622CB2F0016AC8A /* AnimalDetailView.swift in Sources */,
				5620FA5C2621E7620016AC8A /* AnimalModel.swift in Sources */,
				565DADD626236B8E004A3730 /* VideoPlayerHelper.swift in Sources */,
				56911BC72622DA8900690ACC /* InsetMapView.swift in Sources */,
				5620FA412621D73E0016AC8A /* MapView.swift in Sources */,
				56379ED52627549E005822A8 /* MapAnnotationView.swift in Sources */,
				5620FA0B2621D1FC0016AC8A /* AfricaApp.swift in Sources */,
				565DADCB2623624A004A3730 /* VideoModel.swift in Sources */,
				5620FA3E2621D7270016AC8A /* VideoListView.swift in Sources */,
				56379ED226274F26005822A8 /* LocationModel.swift in Sources */,
				560A79E326284A4900236F0C /* AnimalGridItemView.swift in Sources */,
				5620FA442621D74D0016AC8A /* GalleryView.swift in Sources */,
				565DADCE262362BD004A3730 /* VideoListItemView.swift in Sources */,
				560A79F826286D6B00236F0C /* CreditsView.swift in Sources */,
				5620FA542621DE7B0016AC8A /* CodableBundleExtension.swift in Sources */,
				56ADCA22262764480038147F /* MotionAnimationView.swift in Sources */,
				560A79FD26286F9300236F0C /* CenterModifier.swift in Sources */,
				56911BBE2622CF5400690ACC /* HeadingView.swift in Sources */,
				565DADD226236A84004A3730 /* VideoPlayerView.swift in Sources */,
			);
			runOnlyForDeploymentPostprocessing = 0;
		};
/* End PBXSourcesBuildPhase section */

/* Begin PBXTargetDependency section */
		560A79ED2628675400236F0C /* PBXTargetDependency */ = {
			isa = PBXTargetDependency;
			platformFilter = ios;
			target = 560A79E62628675400236F0C /* Stickers */;
			targetProxy = 560A79EC2628675400236F0C /* PBXContainerItemProxy */;
		};
/* End PBXTargetDependency section */

/* Begin XCBuildConfiguration section */
		560A79F02628675400236F0C /* Debug */ = {
			isa = XCBuildConfiguration;
			buildSettings = {
				ASSETCATALOG_COMPILER_APPICON_NAME = "iMessage App Icon";
				CODE_SIGN_STYLE = Automatic;
				DEVELOPMENT_TEAM = 95HSPB4GQ4;
				INFOPLIST_FILE = Stickers/Info.plist;
				IPHONEOS_DEPLOYMENT_TARGET = 10.0;
				PRODUCT_BUNDLE_IDENTIFIER = dk.mariana.Africa.Stickers;
				PRODUCT_NAME = "$(TARGET_NAME)";
				SKIP_INSTALL = YES;
				SUPPORTS_MACCATALYST = NO;
				TARGETED_DEVICE_FAMILY = "1,2";
			};
			name = Debug;
		};
		560A79F12628675400236F0C /* Release */ = {
			isa = XCBuildConfiguration;
			buildSettings = {
				ASSETCATALOG_COMPILER_APPICON_NAME = "iMessage App Icon";
				CODE_SIGN_STYLE = Automatic;
				DEVELOPMENT_TEAM = 95HSPB4GQ4;
				INFOPLIST_FILE = Stickers/Info.plist;
				IPHONEOS_DEPLOYMENT_TARGET = 10.0;
				PRODUCT_BUNDLE_IDENTIFIER = dk.mariana.Africa.Stickers;
				PRODUCT_NAME = "$(TARGET_NAME)";
				SKIP_INSTALL = YES;
				SUPPORTS_MACCATALYST = NO;
				TARGETED_DEVICE_FAMILY = "1,2";
			};
			name = Release;
		};
		5620FA142621D1FD0016AC8A /* Debug */ = {
			isa = XCBuildConfiguration;
			buildSettings = {
				ALWAYS_SEARCH_USER_PATHS = NO;
				CLANG_ANALYZER_NONNULL = YES;
				CLANG_ANALYZER_NUMBER_OBJECT_CONVERSION = YES_AGGRESSIVE;
				CLANG_CXX_LANGUAGE_STANDARD = "gnu++14";
				CLANG_CXX_LIBRARY = "libc++";
				CLANG_ENABLE_MODULES = YES;
				CLANG_ENABLE_OBJC_ARC = YES;
				CLANG_ENABLE_OBJC_WEAK = YES;
				CLANG_WARN_BLOCK_CAPTURE_AUTORELEASING = YES;
				CLANG_WARN_BOOL_CONVERSION = YES;
				CLANG_WARN_COMMA = YES;
				CLANG_WARN_CONSTANT_CONVERSION = YES;
				CLANG_WARN_DEPRECATED_OBJC_IMPLEMENTATIONS = YES;
				CLANG_WARN_DIRECT_OBJC_ISA_USAGE = YES_ERROR;
				CLANG_WARN_DOCUMENTATION_COMMENTS = YES;
				CLANG_WARN_EMPTY_BODY = YES;
				CLANG_WARN_ENUM_CONVERSION = YES;
				CLANG_WARN_INFINITE_RECURSION = YES;
				CLANG_WARN_INT_CONVERSION = YES;
				CLANG_WARN_NON_LITERAL_NULL_CONVERSION = YES;
				CLANG_WARN_OBJC_IMPLICIT_RETAIN_SELF = YES;
				CLANG_WARN_OBJC_LITERAL_CONVERSION = YES;
				CLANG_WARN_OBJC_ROOT_CLASS = YES_ERROR;
				CLANG_WARN_QUOTED_INCLUDE_IN_FRAMEWORK_HEADER = YES;
				CLANG_WARN_RANGE_LOOP_ANALYSIS = YES;
				CLANG_WARN_STRICT_PROTOTYPES = YES;
				CLANG_WARN_SUSPICIOUS_MOVE = YES;
				CLANG_WARN_UNGUARDED_AVAILABILITY = YES_AGGRESSIVE;
				CLANG_WARN_UNREACHABLE_CODE = YES;
				CLANG_WARN__DUPLICATE_METHOD_MATCH = YES;
				COPY_PHASE_STRIP = NO;
				DEBUG_INFORMATION_FORMAT = dwarf;
				ENABLE_STRICT_OBJC_MSGSEND = YES;
				ENABLE_TESTABILITY = YES;
				GCC_C_LANGUAGE_STANDARD = gnu11;
				GCC_DYNAMIC_NO_PIC = NO;
				GCC_NO_COMMON_BLOCKS = YES;
				GCC_OPTIMIZATION_LEVEL = 0;
				GCC_PREPROCESSOR_DEFINITIONS = (
					"DEBUG=1",
					"$(inherited)",
				);
				GCC_WARN_64_TO_32_BIT_CONVERSION = YES;
				GCC_WARN_ABOUT_RETURN_TYPE = YES_ERROR;
				GCC_WARN_UNDECLARED_SELECTOR = YES;
				GCC_WARN_UNINITIALIZED_AUTOS = YES_AGGRESSIVE;
				GCC_WARN_UNUSED_FUNCTION = YES;
				GCC_WARN_UNUSED_VARIABLE = YES;
				IPHONEOS_DEPLOYMENT_TARGET = 14.4;
				MTL_ENABLE_DEBUG_INFO = INCLUDE_SOURCE;
				MTL_FAST_MATH = YES;
				ONLY_ACTIVE_ARCH = YES;
				SDKROOT = iphoneos;
				SWIFT_ACTIVE_COMPILATION_CONDITIONS = DEBUG;
				SWIFT_OPTIMIZATION_LEVEL = "-Onone";
			};
			name = Debug;
		};
		5620FA152621D1FD0016AC8A /* Release */ = {
			isa = XCBuildConfiguration;
			buildSettings = {
				ALWAYS_SEARCH_USER_PATHS = NO;
				CLANG_ANALYZER_NONNULL = YES;
				CLANG_ANALYZER_NUMBER_OBJECT_CONVERSION = YES_AGGRESSIVE;
				CLANG_CXX_LANGUAGE_STANDARD = "gnu++14";
				CLANG_CXX_LIBRARY = "libc++";
				CLANG_ENABLE_MODULES = YES;
				CLANG_ENABLE_OBJC_ARC = YES;
				CLANG_ENABLE_OBJC_WEAK = YES;
				CLANG_WARN_BLOCK_CAPTURE_AUTORELEASING = YES;
				CLANG_WARN_BOOL_CONVERSION = YES;
				CLANG_WARN_COMMA = YES;
				CLANG_WARN_CONSTANT_CONVERSION = YES;
				CLANG_WARN_DEPRECATED_OBJC_IMPLEMENTATIONS = YES;
				CLANG_WARN_DIRECT_OBJC_ISA_USAGE = YES_ERROR;
				CLANG_WARN_DOCUMENTATION_COMMENTS = YES;
				CLANG_WARN_EMPTY_BODY = YES;
				CLANG_WARN_ENUM_CONVERSION = YES;
				CLANG_WARN_INFINITE_RECURSION = YES;
				CLANG_WARN_INT_CONVERSION = YES;
				CLANG_WARN_NON_LITERAL_NULL_CONVERSION = YES;
				CLANG_WARN_OBJC_IMPLICIT_RETAIN_SELF = YES;
				CLANG_WARN_OBJC_LITERAL_CONVERSION = YES;
				CLANG_WARN_OBJC_ROOT_CLASS = YES_ERROR;
				CLANG_WARN_QUOTED_INCLUDE_IN_FRAMEWORK_HEADER = YES;
				CLANG_WARN_RANGE_LOOP_ANALYSIS = YES;
				CLANG_WARN_STRICT_PROTOTYPES = YES;
				CLANG_WARN_SUSPICIOUS_MOVE = YES;
				CLANG_WARN_UNGUARDED_AVAILABILITY = YES_AGGRESSIVE;
				CLANG_WARN_UNREACHABLE_CODE = YES;
				CLANG_WARN__DUPLICATE_METHOD_MATCH = YES;
				COPY_PHASE_STRIP = NO;
				DEBUG_INFORMATION_FORMAT = "dwarf-with-dsym";
				ENABLE_NS_ASSERTIONS = NO;
				ENABLE_STRICT_OBJC_MSGSEND = YES;
				GCC_C_LANGUAGE_STANDARD = gnu11;
				GCC_NO_COMMON_BLOCKS = YES;
				GCC_WARN_64_TO_32_BIT_CONVERSION = YES;
				GCC_WARN_ABOUT_RETURN_TYPE = YES_ERROR;
				GCC_WARN_UNDECLARED_SELECTOR = YES;
				GCC_WARN_UNINITIALIZED_AUTOS = YES_AGGRESSIVE;
				GCC_WARN_UNUSED_FUNCTION = YES;
				GCC_WARN_UNUSED_VARIABLE = YES;
				IPHONEOS_DEPLOYMENT_TARGET = 14.4;
				MTL_ENABLE_DEBUG_INFO = NO;
				MTL_FAST_MATH = YES;
				SDKROOT = iphoneos;
				SWIFT_COMPILATION_MODE = wholemodule;
				SWIFT_OPTIMIZATION_LEVEL = "-O";
				VALIDATE_PRODUCT = YES;
			};
			name = Release;
		};
		5620FA172621D1FD0016AC8A /* Debug */ = {
			isa = XCBuildConfiguration;
			buildSettings = {
				ASSETCATALOG_COMPILER_APPICON_NAME = AppIcon;
				ASSETCATALOG_COMPILER_GLOBAL_ACCENT_COLOR_NAME = AccentColor;
				CODE_SIGN_ENTITLEMENTS = Africa/Africa.entitlements;
				CODE_SIGN_STYLE = Automatic;
				DEVELOPMENT_ASSET_PATHS = "\"Africa/Preview Content\"";
				DEVELOPMENT_TEAM = 95HSPB4GQ4;
				ENABLE_PREVIEWS = YES;
				INFOPLIST_FILE = Africa/Info.plist;
				IPHONEOS_DEPLOYMENT_TARGET = 14.0;
				LD_RUNPATH_SEARCH_PATHS = (
					"$(inherited)",
					"@executable_path/Frameworks",
				);
				PRODUCT_BUNDLE_IDENTIFIER = dk.mariana.Africa;
				PRODUCT_NAME = "$(TARGET_NAME)";
				SUPPORTS_MACCATALYST = YES;
				SWIFT_VERSION = 5.0;
				TARGETED_DEVICE_FAMILY = "1,2";
			};
			name = Debug;
		};
		5620FA182621D1FD0016AC8A /* Release */ = {
			isa = XCBuildConfiguration;
			buildSettings = {
				ASSETCATALOG_COMPILER_APPICON_NAME = AppIcon;
				ASSETCATALOG_COMPILER_GLOBAL_ACCENT_COLOR_NAME = AccentColor;
				CODE_SIGN_ENTITLEMENTS = Africa/Africa.entitlements;
				CODE_SIGN_STYLE = Automatic;
				DEVELOPMENT_ASSET_PATHS = "\"Africa/Preview Content\"";
				DEVELOPMENT_TEAM = 95HSPB4GQ4;
				ENABLE_PREVIEWS = YES;
				INFOPLIST_FILE = Africa/Info.plist;
				IPHONEOS_DEPLOYMENT_TARGET = 14.0;
				LD_RUNPATH_SEARCH_PATHS = (
					"$(inherited)",
					"@executable_path/Frameworks",
				);
				PRODUCT_BUNDLE_IDENTIFIER = dk.mariana.Africa;
				PRODUCT_NAME = "$(TARGET_NAME)";
				SUPPORTS_MACCATALYST = YES;
				SWIFT_VERSION = 5.0;
				TARGETED_DEVICE_FAMILY = "1,2";
			};
			name = Release;
		};
/* End XCBuildConfiguration section */

/* Begin XCConfigurationList section */
		560A79EF2628675400236F0C /* Build configuration list for PBXNativeTarget "Stickers" */ = {
			isa = XCConfigurationList;
			buildConfigurations = (
				560A79F02628675400236F0C /* Debug */,
				560A79F12628675400236F0C /* Release */,
			);
			defaultConfigurationIsVisible = 0;
			defaultConfigurationName = Release;
		};
		5620FA022621D1FC0016AC8A /* Build configuration list for PBXProject "Africa" */ = {
			isa = XCConfigurationList;
			buildConfigurations = (
				5620FA142621D1FD0016AC8A /* Debug */,
				5620FA152621D1FD0016AC8A /* Release */,
			);
			defaultConfigurationIsVisible = 0;
			defaultConfigurationName = Release;
		};
		5620FA162621D1FD0016AC8A /* Build configuration list for PBXNativeTarget "Africa" */ = {
			isa = XCConfigurationList;
			buildConfigurations = (
				5620FA172621D1FD0016AC8A /* Debug */,
				5620FA182621D1FD0016AC8A /* Release */,
			);
			defaultConfigurationIsVisible = 0;
			defaultConfigurationName = Release;
		};
/* End XCConfigurationList section */
	};
	rootObject = 5620F9FF2621D1FC0016AC8A /* Project object */;
}
